// !$*UTF8*$!
{
	archiveVersion = 1;
	classes = {
	};
	objectVersion = 48;
	objects = {

/* Begin PBXBuildFile section */
		FAD01C4B1F6D00CB0047658C /* AppDelegate.swift in Sources */ = {isa = PBXBuildFile; fileRef = FAD01C4A1F6D00CB0047658C /* AppDelegate.swift */; };
		FAD01C4D1F6D00CB0047658C /* art.scnassets in Resources */ = {isa = PBXBuildFile; fileRef = FAD01C4C1F6D00CB0047658C /* art.scnassets */; };
		FAD01C4F1F6D00CB0047658C /* ViewController.swift in Sources */ = {isa = PBXBuildFile; fileRef = FAD01C4E1F6D00CB0047658C /* ViewController.swift */; };
		FAD01C521F6D00CB0047658C /* Main.storyboard in Resources */ = {isa = PBXBuildFile; fileRef = FAD01C501F6D00CB0047658C /* Main.storyboard */; };
		FAD01C541F6D00CB0047658C /* Assets.xcassets in Resources */ = {isa = PBXBuildFile; fileRef = FAD01C531F6D00CB0047658C /* Assets.xcassets */; };
		FAD01C571F6D00CB0047658C /* LaunchScreen.storyboard in Resources */ = {isa = PBXBuildFile; fileRef = FAD01C551F6D00CB0047658C /* LaunchScreen.storyboard */; };
/* End PBXBuildFile section */

/* Begin PBXFileReference section */
		FAD01C471F6D00CB0047658C /* ShowMeTheMoney.app */ = {isa = PBXFileReference; explicitFileType = wrapper.application; includeInIndex = 0; path = ShowMeTheMoney.app; sourceTree = BUILT_PRODUCTS_DIR; };
		FAD01C4A1F6D00CB0047658C /* AppDelegate.swift */ = {isa = PBXFileReference; lastKnownFileType = sourcecode.swift; path = AppDelegate.swift; sourceTree = "<group>"; };
		FAD01C4C1F6D00CB0047658C /* art.scnassets */ = {isa = PBXFileReference; lastKnownFileType = wrapper.scnassets; path = art.scnassets; sourceTree = "<group>"; };
		FAD01C4E1F6D00CB0047658C /* ViewController.swift */ = {isa = PBXFileReference; lastKnownFileType = sourcecode.swift; path = ViewController.swift; sourceTree = "<group>"; };
		FAD01C511F6D00CB0047658C /* Base */ = {isa = PBXFileReference; lastKnownFileType = file.storyboard; name = Base; path = Base.lproj/Main.storyboard; sourceTree = "<group>"; };
		FAD01C531F6D00CB0047658C /* Assets.xcassets */ = {isa = PBXFileReference; lastKnownFileType = folder.assetcatalog; path = Assets.xcassets; sourceTree = "<group>"; };
		FAD01C561F6D00CB0047658C /* Base */ = {isa = PBXFileReference; lastKnownFileType = file.storyboard; name = Base; path = Base.lproj/LaunchScreen.storyboard; sourceTree = "<group>"; };
		FAD01C581F6D00CB0047658C /* Info.plist */ = {isa = PBXFileReference; lastKnownFileType = text.plist.xml; path = Info.plist; sourceTree = "<group>"; };
/* End PBXFileReference section */

/* Begin PBXFrameworksBuildPhase section */
		FAD01C441F6D00CB0047658C /* Frameworks */ = {
			isa = PBXFrameworksBuildPhase;
			buildActionMask = 2147483647;
			files = (
			);
			runOnlyForDeploymentPostprocessing = 0;
		};
/* End PBXFrameworksBuildPhase section */

/* Begin PBXGroup section */
		FAD01C3E1F6D00CB0047658C = {
			isa = PBXGroup;
			children = (
				FAD01C491F6D00CB0047658C /* SceneKitTest */,
				FAD01C481F6D00CB0047658C /* Products */,
			);
			sourceTree = "<group>";
		};
		FAD01C481F6D00CB0047658C /* Products */ = {
			isa = PBXGroup;
			children = (
				FAD01C471F6D00CB0047658C /* ShowMeTheMoney.app */,
			);
			name = Products;
			sourceTree = "<group>";
		};
		FAD01C491F6D00CB0047658C /* SceneKitTest */ = {
			isa = PBXGroup;
			children = (
				FAD01C4A1F6D00CB0047658C /* AppDelegate.swift */,
				FAD01C4C1F6D00CB0047658C /* art.scnassets */,
				FAD01C4E1F6D00CB0047658C /* ViewController.swift */,
				FAD01C501F6D00CB0047658C /* Main.storyboard */,
				FAD01C531F6D00CB0047658C /* Assets.xcassets */,
				FAD01C551F6D00CB0047658C /* LaunchScreen.storyboard */,
				FAD01C581F6D00CB0047658C /* Info.plist */,
			);
			path = SceneKitTest;
			sourceTree = "<group>";
		};
/* End PBXGroup section */

/* Begin PBXNativeTarget section */
		FAD01C461F6D00CB0047658C /* ShowMeTheMoney */ = {
			isa = PBXNativeTarget;
			buildConfigurationList = FAD01C5B1F6D00CB0047658C /* Build configuration list for PBXNativeTarget "ShowMeTheMoney" */;
			buildPhases = (
				FAD01C431F6D00CB0047658C /* Sources */,
				FAD01C441F6D00CB0047658C /* Frameworks */,
				FAD01C451F6D00CB0047658C /* Resources */,
			);
			buildRules = (
			);
			dependencies = (
			);
			name = ShowMeTheMoney;
			productName = SceneKitTest;
			productReference = FAD01C471F6D00CB0047658C /* ShowMeTheMoney.app */;
			productType = "com.apple.product-type.application";
		};
/* End PBXNativeTarget section */

/* Begin PBXProject section */
		FAD01C3F1F6D00CB0047658C /* Project object */ = {
			isa = PBXProject;
			attributes = {
				LastSwiftUpdateCheck = 0900;
				LastUpgradeCheck = 0900;
				ORGANIZATIONNAME = Alex;
				TargetAttributes = {
					FAD01C461F6D00CB0047658C = {
						CreatedOnToolsVersion = 9.0;
						ProvisioningStyle = Automatic;
					};
				};
			};
			buildConfigurationList = FAD01C421F6D00CB0047658C /* Build configuration list for PBXProject "ShowMeTheMoney" */;
			compatibilityVersion = "Xcode 8.0";
			developmentRegion = en;
			hasScannedForEncodings = 0;
			knownRegions = (
				en,
				Base,
			);
			mainGroup = FAD01C3E1F6D00CB0047658C;
			productRefGroup = FAD01C481F6D00CB0047658C /* Products */;
			projectDirPath = "";
			projectRoot = "";
			targets = (
				FAD01C461F6D00CB0047658C /* ShowMeTheMoney */,
			);
		};
/* End PBXProject section */

/* Begin PBXResourcesBuildPhase section */
		FAD01C451F6D00CB0047658C /* Resources */ = {
			isa = PBXResourcesBuildPhase;
			buildActionMask = 2147483647;
			files = (
				FAD01C4D1F6D00CB0047658C /* art.scnassets in Resources */,
				FAD01C571F6D00CB0047658C /* LaunchScreen.storyboard in Resources */,
				FAD01C541F6D00CB0047658C /* Assets.xcassets in Resources */,
				FAD01C521F6D00CB0047658C /* Main.storyboard in Resources */,
			);
			runOnlyForDeploymentPostprocessing = 0;
		};
/* End PBXResourcesBuildPhase section */

/* Begin PBXSourcesBuildPhase section */
		FAD01C431F6D00CB0047658C /* Sources */ = {
			isa = PBXSourcesBuildPhase;
			buildActionMask = 2147483647;
			files = (
				FAD01C4F1F6D00CB0047658C /* ViewController.swift in Sources */,
				FAD01C4B1F6D00CB0047658C /* AppDelegate.swift in Sources */,
			);
			runOnlyForDeploymentPostprocessing = 0;
		};
/* End PBXSourcesBuildPhase section */

/* Begin PBXVariantGroup section */
		FAD01C501F6D00CB0047658C /* Main.storyboard */ = {
			isa = PBXVariantGroup;
			children = (
				FAD01C511F6D00CB0047658C /* Base */,
			);
			name = Main.storyboard;
			sourceTree = "<group>";
		};
		FAD01C551F6D00CB0047658C /* LaunchScreen.storyboard */ = {
			isa = PBXVariantGroup;
			children = (
				FAD01C561F6D00CB0047658C /* Base */,
			);
			name = LaunchScreen.storyboard;
			sourceTree = "<group>";
		};
/* End PBXVariantGroup section */

/* Begin XCBuildConfiguration section */
		FAD01C591F6D00CB0047658C /* Debug */ = {
			isa = XCBuildConfiguration;
			buildSettings = {
				ALWAYS_SEARCH_USER_PATHS = NO;
				CLANG_ANALYZER_NONNULL = YES;
				CLANG_ANALYZER_NUMBER_OBJECT_CONVERSION = YES_AGGRESSIVE;
				CLANG_CXX_LANGUAGE_STANDARD = "gnu++14";
				CLANG_CXX_LIBRARY = "libc++";
				CLANG_ENABLE_MODULES = YES;
				CLANG_ENABLE_OBJC_ARC = YES;
				CLANG_WARN_BLOCK_CAPTURE_AUTORELEASING = YES;
				CLANG_WARN_BOOL_CONVERSION = YES;
				CLANG_WARN_COMMA = YES;
				CLANG_WARN_CONSTANT_CONVERSION = YES;
				CLANG_WARN_DIRECT_OBJC_ISA_USAGE = YES_ERROR;
				CLANG_WARN_DOCUMENTATION_COMMENTS = YES;
				CLANG_WARN_EMPTY_BODY = YES;
				CLANG_WARN_ENUM_CONVERSION = YES;
				CLANG_WARN_INFINITE_RECURSION = YES;
				CLANG_WARN_INT_CONVERSION = YES;
				CLANG_WARN_NON_LITERAL_NULL_CONVERSION = YES;
				CLANG_WARN_OBJC_LITERAL_CONVERSION = YES;
				CLANG_WARN_OBJC_ROOT_CLASS = YES_ERROR;
				CLANG_WARN_RANGE_LOOP_ANALYSIS = YES;
				CLANG_WARN_STRICT_PROTOTYPES = YES;
				CLANG_WARN_SUSPICIOUS_MOVE = YES;
				CLANG_WARN_UNGUARDED_AVAILABILITY = YES_AGGRESSIVE;
				CLANG_WARN_UNREACHABLE_CODE = YES;
				CLANG_WARN__DUPLICATE_METHOD_MATCH = YES;
				CODE_SIGN_IDENTITY = "iPhone Developer";
				COPY_PHASE_STRIP = NO;
				DEBUG_INFORMATION_FORMAT = dwarf;
				ENABLE_STRICT_OBJC_MSGSEND = YES;
				ENABLE_TESTABILITY = YES;
				GCC_C_LANGUAGE_STANDARD = gnu11;
				GCC_DYNAMIC_NO_PIC = NO;
				GCC_NO_COMMON_BLOCKS = YES;
				GCC_OPTIMIZATION_LEVEL = 0;
				GCC_PREPROCESSOR_DEFINITIONS = (
					"DEBUG=1",
					"$(inherited)",
				);
				GCC_WARN_64_TO_32_BIT_CONVERSION = YES;
				GCC_WARN_ABOUT_RETURN_TYPE = YES_ERROR;
				GCC_WARN_UNDECLARED_SELECTOR = YES;
				GCC_WARN_UNINITIALIZED_AUTOS = YES_AGGRESSIVE;
				GCC_WARN_UNUSED_FUNCTION = YES;
				GCC_WARN_UNUSED_VARIABLE = YES;
				IPHONEOS_DEPLOYMENT_TARGET = 11.0;
				MTL_ENABLE_DEBUG_INFO = YES;
				ONLY_ACTIVE_ARCH = YES;
				SDKROOT = iphoneos;
				SWIFT_ACTIVE_COMPILATION_CONDITIONS = DEBUG;
				SWIFT_OPTIMIZATION_LEVEL = "-Onone";
			};
			name = Debug;
		};
		FAD01C5A1F6D00CB0047658C /* Release */ = {
			isa = XCBuildConfiguration;
			buildSettings = {
				ALWAYS_SEARCH_USER_PATHS = NO;
				CLANG_ANALYZER_NONNULL = YES;
				CLANG_ANALYZER_NUMBER_OBJECT_CONVERSION = YES_AGGRESSIVE;
				CLANG_CXX_LANGUAGE_STANDARD = "gnu++14";
				CLANG_CXX_LIBRARY = "libc++";
				CLANG_ENABLE_MODULES = YES;
				CLANG_ENABLE_OBJC_ARC = YES;
				CLANG_WARN_BLOCK_CAPTURE_AUTORELEASING = YES;
				CLANG_WARN_BOOL_CONVERSION = YES;
				CLANG_WARN_COMMA = YES;
				CLANG_WARN_CONSTANT_CONVERSION = YES;
				CLANG_WARN_DIRECT_OBJC_ISA_USAGE = YES_ERROR;
				CLANG_WARN_DOCUMENTATION_COMMENTS = YES;
				CLANG_WARN_EMPTY_BODY = YES;
				CLANG_WARN_ENUM_CONVERSION = YES;
				CLANG_WARN_INFINITE_RECURSION = YES;
				CLANG_WARN_INT_CONVERSION = YES;
				CLANG_WARN_NON_LITERAL_NULL_CONVERSION = YES;
				CLANG_WARN_OBJC_LITERAL_CONVERSION = YES;
				CLANG_WARN_OBJC_ROOT_CLASS = YES_ERROR;
				CLANG_WARN_RANGE_LOOP_ANALYSIS = YES;
				CLANG_WARN_STRICT_PROTOTYPES = YES;
				CLANG_WARN_SUSPICIOUS_MOVE = YES;
				CLANG_WARN_UNGUARDED_AVAILABILITY = YES_AGGRESSIVE;
				CLANG_WARN_UNREACHABLE_CODE = YES;
				CLANG_WARN__DUPLICATE_METHOD_MATCH = YES;
				CODE_SIGN_IDENTITY = "iPhone Developer";
				COPY_PHASE_STRIP = NO;
				DEBUG_INFORMATION_FORMAT = "dwarf-with-dsym";
				ENABLE_NS_ASSERTIONS = NO;
				ENABLE_STRICT_OBJC_MSGSEND = YES;
				GCC_C_LANGUAGE_STANDARD = gnu11;
				GCC_NO_COMMON_BLOCKS = YES;
				GCC_WARN_64_TO_32_BIT_CONVERSION = YES;
				GCC_WARN_ABOUT_RETURN_TYPE = YES_ERROR;
				GCC_WARN_UNDECLARED_SELECTOR = YES;
				GCC_WARN_UNINITIALIZED_AUTOS = YES_AGGRESSIVE;
				GCC_WARN_UNUSED_FUNCTION = YES;
				GCC_WARN_UNUSED_VARIABLE = YES;
				IPHONEOS_DEPLOYMENT_TARGET = 11.0;
				MTL_ENABLE_DEBUG_INFO = NO;
				SDKROOT = iphoneos;
				SWIFT_OPTIMIZATION_LEVEL = "-Owholemodule";
				VALIDATE_PRODUCT = YES;
			};
			name = Release;
		};
		FAD01C5C1F6D00CB0047658C /* Debug */ = {
			isa = XCBuildConfiguration;
			buildSettings = {
				ASSETCATALOG_COMPILER_APPICON_NAME = AppIcon;
				CODE_SIGN_STYLE = Automatic;
				DEVELOPMENT_TEAM = 8ES66X8FF8;
				INFOPLIST_FILE = SceneKitTest/Info.plist;
				LD_RUNPATH_SEARCH_PATHS = "$(inherited) @executable_path/Frameworks";
				PRODUCT_BUNDLE_IDENTIFIER = com.innovatellc.SceneKitTest;
				PRODUCT_NAME = "$(TARGET_NAME)";
				SWIFT_VERSION = 4.0;
				TARGETED_DEVICE_FAMILY = "1,2";
			};
			name = Debug;
		};
		FAD01C5D1F6D00CB0047658C /* Release */ = {
			isa = XCBuildConfiguration;
			buildSettings = {
				ASSETCATALOG_COMPILER_APPICON_NAME = AppIcon;
				CODE_SIGN_STYLE = Automatic;
				DEVELOPMENT_TEAM = 8ES66X8FF8;
				INFOPLIST_FILE = SceneKitTest/Info.plist;
				LD_RUNPATH_SEARCH_PATHS = "$(inherited) @executable_path/Frameworks";
				PRODUCT_BUNDLE_IDENTIFIER = com.innovatellc.SceneKitTest;
				PRODUCT_NAME = "$(TARGET_NAME)";
				SWIFT_VERSION = 4.0;
				TARGETED_DEVICE_FAMILY = "1,2";
			};
			name = Release;
		};
/* End XCBuildConfiguration section */

/* Begin XCConfigurationList section */
		FAD01C421F6D00CB0047658C /* Build configuration list for PBXProject "ShowMeTheMoney" */ = {
			isa = XCConfigurationList;
			buildConfigurations = (
				FAD01C591F6D00CB0047658C /* Debug */,
				FAD01C5A1F6D00CB0047658C /* Release */,
			);
			defaultConfigurationIsVisible = 0;
			defaultConfigurationName = Release;
		};
		FAD01C5B1F6D00CB0047658C /* Build configuration list for PBXNativeTarget "ShowMeTheMoney" */ = {
			isa = XCConfigurationList;
			buildConfigurations = (
				FAD01C5C1F6D00CB0047658C /* Debug */,
				FAD01C5D1F6D00CB0047658C /* Release */,
			);
			defaultConfigurationIsVisible = 0;
			defaultConfigurationName = Release;
		};
/* End XCConfigurationList section */
	};
	rootObject = FAD01C3F1F6D00CB0047658C /* Project object */;
}
